dependencies:
- name: postgresql
  repository: https://kubernetes-charts.storage.googleapis.com/
  version: 0.7.1
- name: redis
  repository: https://kubernetes-charts.storage.googleapis.com/
  version: 7.1.0
- name: mssql
  repository: https://raw.githubusercontent.com/hardyscc/openshift-charts/master/
  version: 0.0.2
digest: sha256:52ff40c9f0dfccbe349b6812ee041f555ad488d2d3f6a177f9f3c127b00ef20e
generated: "2019-07-29T14:35:39.75354+08:00"
