dependencies:
- name: postgresql
  repository: https://kubernetes-charts.storage.googleapis.com/
  version: 3.18.4
- name: redis
  repository: https://kubernetes-charts.storage.googleapis.com/
  version: 7.1.0
digest: sha256:2ad8270a160418555eaca545ecd9e681ee8d479e352cf200458de30693352410
generated: 2019-05-09T12:00:24.006475+08:00
