dependencies:
- name: postgresql
  repository: https://kubernetes-charts.storage.googleapis.com/
  version: 3.18.4
- name: redis
  repository: https://kubernetes-charts.storage.googleapis.com/
  version: 7.1.0
- name: mssql
  repository: https://raw.githubusercontent.com/hardyscc/openshift-charts/master/
  version: 0.0.2
digest: sha256:8fb4547831f1e430698d3a12d0d0e65e4140266bb9bcf3aef360cb7855348e73
generated: "2019-06-18T14:29:13.896659+08:00"
